
Microsoft Visual Studio Solution File, Format Version 12.00
# Visual Studio 2012
Project("{F184B08F-C81C-45F6-A57F-5ABD9991F28F}") = "hw7", "hw7\hw7.vbproj", "{0BAC26C3-047D-4CC2-A3AA-3668E1D53ACC}"
EndProject
Global
	GlobalSection(SolutionConfigurationPlatforms) = preSolution
		Debug|Any CPU = Debug|Any CPU
		Release|Any CPU = Release|Any CPU
	EndGlobalSection
	GlobalSection(ProjectConfigurationPlatforms) = postSolution
		{0BAC26C3-047D-4CC2-A3AA-3668E1D53ACC}.Debug|Any CPU.ActiveCfg = Debug|Any CPU
		{0BAC26C3-047D-4CC2-A3AA-3668E1D53ACC}.Debug|Any CPU.Build.0 = Debug|Any CPU
		{0BAC26C3-047D-4CC2-A3AA-3668E1D53ACC}.Release|Any CPU.ActiveCfg = Release|Any CPU
		{0BAC26C3-047D-4CC2-A3AA-3668E1D53ACC}.Release|Any CPU.Build.0 = Release|Any CPU
	EndGlobalSection
	GlobalSection(SolutionProperties) = preSolution
		HideSolutionNode = FALSE
	EndGlobalSection
EndGlobal
